// !$*UTF8*$!
{
	archiveVersion = 1;
	classes = {
	};
	objectVersion = 56;
	objects = {

/* Begin PBXBuildFile section */
		1B555858293453DF00BC3C94 /* ErrorMessage.swift in Sources */ = {isa = PBXBuildFile; fileRef = 1B555857293453DF00BC3C94 /* ErrorMessage.swift */; };
		A5695445292DEADE00177946 /* RegularTextField.swift in Sources */ = {isa = PBXBuildFile; fileRef = A5695444292DEADE00177946 /* RegularTextField.swift */; };
		A5695447292DEF6D00177946 /* FormValidation.swift in Sources */ = {isa = PBXBuildFile; fileRef = A5695446292DEF6D00177946 /* FormValidation.swift */; };
		A5695449292DF2DC00177946 /* ValidatedPropertyWrapper.swift in Sources */ = {isa = PBXBuildFile; fileRef = A5695448292DF2DC00177946 /* ValidatedPropertyWrapper.swift */; };
		A569544B292DF7BB00177946 /* ContentViewModel.swift in Sources */ = {isa = PBXBuildFile; fileRef = A569544A292DF7BB00177946 /* ContentViewModel.swift */; };
		A5DCCF6C292DE8AB00408940 /* TestingTextFieldApp.swift in Sources */ = {isa = PBXBuildFile; fileRef = A5DCCF6B292DE8AB00408940 /* TestingTextFieldApp.swift */; };
		A5DCCF6E292DE8AB00408940 /* ContentView.swift in Sources */ = {isa = PBXBuildFile; fileRef = A5DCCF6D292DE8AB00408940 /* ContentView.swift */; };
		A5DCCF70292DE8AF00408940 /* Assets.xcassets in Resources */ = {isa = PBXBuildFile; fileRef = A5DCCF6F292DE8AF00408940 /* Assets.xcassets */; };
		A5DCCF73292DE8AF00408940 /* Preview Assets.xcassets in Resources */ = {isa = PBXBuildFile; fileRef = A5DCCF72292DE8AF00408940 /* Preview Assets.xcassets */; };
/* End PBXBuildFile section */

/* Begin PBXFileReference section */
		1B555857293453DF00BC3C94 /* ErrorMessage.swift */ = {isa = PBXFileReference; lastKnownFileType = sourcecode.swift; path = ErrorMessage.swift; sourceTree = "<group>"; };
		A5695444292DEADE00177946 /* RegularTextField.swift */ = {isa = PBXFileReference; lastKnownFileType = sourcecode.swift; path = RegularTextField.swift; sourceTree = "<group>"; };
		A5695446292DEF6D00177946 /* FormValidation.swift */ = {isa = PBXFileReference; lastKnownFileType = sourcecode.swift; path = FormValidation.swift; sourceTree = "<group>"; };
		A5695448292DF2DC00177946 /* ValidatedPropertyWrapper.swift */ = {isa = PBXFileReference; lastKnownFileType = sourcecode.swift; path = ValidatedPropertyWrapper.swift; sourceTree = "<group>"; };
		A569544A292DF7BB00177946 /* ContentViewModel.swift */ = {isa = PBXFileReference; lastKnownFileType = sourcecode.swift; path = ContentViewModel.swift; sourceTree = "<group>"; };
		A5DCCF68292DE8AB00408940 /* TestingTextField.app */ = {isa = PBXFileReference; explicitFileType = wrapper.application; includeInIndex = 0; path = TestingTextField.app; sourceTree = BUILT_PRODUCTS_DIR; };
		A5DCCF6B292DE8AB00408940 /* TestingTextFieldApp.swift */ = {isa = PBXFileReference; lastKnownFileType = sourcecode.swift; path = TestingTextFieldApp.swift; sourceTree = "<group>"; };
		A5DCCF6D292DE8AB00408940 /* ContentView.swift */ = {isa = PBXFileReference; lastKnownFileType = sourcecode.swift; path = ContentView.swift; sourceTree = "<group>"; };
		A5DCCF6F292DE8AF00408940 /* Assets.xcassets */ = {isa = PBXFileReference; lastKnownFileType = folder.assetcatalog; path = Assets.xcassets; sourceTree = "<group>"; };
		A5DCCF72292DE8AF00408940 /* Preview Assets.xcassets */ = {isa = PBXFileReference; lastKnownFileType = folder.assetcatalog; path = "Preview Assets.xcassets"; sourceTree = "<group>"; };
/* End PBXFileReference section */

/* Begin PBXFrameworksBuildPhase section */
		A5DCCF65292DE8AB00408940 /* Frameworks */ = {
			isa = PBXFrameworksBuildPhase;
			buildActionMask = 2147483647;
			files = (
			);
			runOnlyForDeploymentPostprocessing = 0;
		};
/* End PBXFrameworksBuildPhase section */

/* Begin PBXGroup section */
		A5DCCF5F292DE8AB00408940 = {
			isa = PBXGroup;
			children = (
				A5DCCF6A292DE8AB00408940 /* TestingTextField */,
				A5DCCF69292DE8AB00408940 /* Products */,
			);
			sourceTree = "<group>";
		};
		A5DCCF69292DE8AB00408940 /* Products */ = {
			isa = PBXGroup;
			children = (
				A5DCCF68292DE8AB00408940 /* TestingTextField.app */,
			);
			name = Products;
			sourceTree = "<group>";
		};
		A5DCCF6A292DE8AB00408940 /* TestingTextField */ = {
			isa = PBXGroup;
			children = (
				A5DCCF6B292DE8AB00408940 /* TestingTextFieldApp.swift */,
				A5DCCF6D292DE8AB00408940 /* ContentView.swift */,
				A569544A292DF7BB00177946 /* ContentViewModel.swift */,
				A5DCCF6F292DE8AF00408940 /* Assets.xcassets */,
				A5DCCF71292DE8AF00408940 /* Preview Content */,
				A5695444292DEADE00177946 /* RegularTextField.swift */,
				A5695446292DEF6D00177946 /* FormValidation.swift */,
				A5695448292DF2DC00177946 /* ValidatedPropertyWrapper.swift */,
				1B555857293453DF00BC3C94 /* ErrorMessage.swift */,
			);
			path = TestingTextField;
			sourceTree = "<group>";
		};
		A5DCCF71292DE8AF00408940 /* Preview Content */ = {
			isa = PBXGroup;
			children = (
				A5DCCF72292DE8AF00408940 /* Preview Assets.xcassets */,
			);
			path = "Preview Content";
			sourceTree = "<group>";
		};
/* End PBXGroup section */

/* Begin PBXNativeTarget section */
		A5DCCF67292DE8AB00408940 /* TestingTextField */ = {
			isa = PBXNativeTarget;
			buildConfigurationList = A5DCCF76292DE8AF00408940 /* Build configuration list for PBXNativeTarget "TestingTextField" */;
			buildPhases = (
				A5DCCF64292DE8AB00408940 /* Sources */,
				A5DCCF65292DE8AB00408940 /* Frameworks */,
				A5DCCF66292DE8AB00408940 /* Resources */,
			);
			buildRules = (
			);
			dependencies = (
			);
			name = TestingTextField;
			productName = TestingTextField;
			productReference = A5DCCF68292DE8AB00408940 /* TestingTextField.app */;
			productType = "com.apple.product-type.application";
		};
/* End PBXNativeTarget section */

/* Begin PBXProject section */
		A5DCCF60292DE8AB00408940 /* Project object */ = {
			isa = PBXProject;
			attributes = {
				BuildIndependentTargetsInParallel = 1;
				LastSwiftUpdateCheck = 1410;
				LastUpgradeCheck = 1410;
				TargetAttributes = {
					A5DCCF67292DE8AB00408940 = {
						CreatedOnToolsVersion = 14.1;
					};
				};
			};
			buildConfigurationList = A5DCCF63292DE8AB00408940 /* Build configuration list for PBXProject "TestingTextField" */;
			compatibilityVersion = "Xcode 14.0";
			developmentRegion = en;
			hasScannedForEncodings = 0;
			knownRegions = (
				en,
				Base,
			);
			mainGroup = A5DCCF5F292DE8AB00408940;
			productRefGroup = A5DCCF69292DE8AB00408940 /* Products */;
			projectDirPath = "";
			projectRoot = "";
			targets = (
				A5DCCF67292DE8AB00408940 /* TestingTextField */,
			);
		};
/* End PBXProject section */

/* Begin PBXResourcesBuildPhase section */
		A5DCCF66292DE8AB00408940 /* Resources */ = {
			isa = PBXResourcesBuildPhase;
			buildActionMask = 2147483647;
			files = (
				A5DCCF73292DE8AF00408940 /* Preview Assets.xcassets in Resources */,
				A5DCCF70292DE8AF00408940 /* Assets.xcassets in Resources */,
			);
			runOnlyForDeploymentPostprocessing = 0;
		};
/* End PBXResourcesBuildPhase section */

/* Begin PBXSourcesBuildPhase section */
		A5DCCF64292DE8AB00408940 /* Sources */ = {
			isa = PBXSourcesBuildPhase;
			buildActionMask = 2147483647;
			files = (
				A5695449292DF2DC00177946 /* ValidatedPropertyWrapper.swift in Sources */,
				1B555858293453DF00BC3C94 /* ErrorMessage.swift in Sources */,
				A5DCCF6E292DE8AB00408940 /* ContentView.swift in Sources */,
				A569544B292DF7BB00177946 /* ContentViewModel.swift in Sources */,
				A5DCCF6C292DE8AB00408940 /* TestingTextFieldApp.swift in Sources */,
				A5695447292DEF6D00177946 /* FormValidation.swift in Sources */,
				A5695445292DEADE00177946 /* RegularTextField.swift in Sources */,
			);
			runOnlyForDeploymentPostprocessing = 0;
		};
/* End PBXSourcesBuildPhase section */

/* Begin XCBuildConfiguration section */
		A5DCCF74292DE8AF00408940 /* Debug */ = {
			isa = XCBuildConfiguration;
			buildSettings = {
				ALWAYS_SEARCH_USER_PATHS = NO;
				CLANG_ANALYZER_NONNULL = YES;
				CLANG_ANALYZER_NUMBER_OBJECT_CONVERSION = YES_AGGRESSIVE;
				CLANG_CXX_LANGUAGE_STANDARD = "gnu++20";
				CLANG_ENABLE_MODULES = YES;
				CLANG_ENABLE_OBJC_ARC = YES;
				CLANG_ENABLE_OBJC_WEAK = YES;
				CLANG_WARN_BLOCK_CAPTURE_AUTORELEASING = YES;
				CLANG_WARN_BOOL_CONVERSION = YES;
				CLANG_WARN_COMMA = YES;
				CLANG_WARN_CONSTANT_CONVERSION = YES;
				CLANG_WARN_DEPRECATED_OBJC_IMPLEMENTATIONS = YES;
				CLANG_WARN_DIRECT_OBJC_ISA_USAGE = YES_ERROR;
				CLANG_WARN_DOCUMENTATION_COMMENTS = YES;
				CLANG_WARN_EMPTY_BODY = YES;
				CLANG_WARN_ENUM_CONVERSION = YES;
				CLANG_WARN_INFINITE_RECURSION = YES;
				CLANG_WARN_INT_CONVERSION = YES;
				CLANG_WARN_NON_LITERAL_NULL_CONVERSION = YES;
				CLANG_WARN_OBJC_IMPLICIT_RETAIN_SELF = YES;
				CLANG_WARN_OBJC_LITERAL_CONVERSION = YES;
				CLANG_WARN_OBJC_ROOT_CLASS = YES_ERROR;
				CLANG_WARN_QUOTED_INCLUDE_IN_FRAMEWORK_HEADER = YES;
				CLANG_WARN_RANGE_LOOP_ANALYSIS = YES;
				CLANG_WARN_STRICT_PROTOTYPES = YES;
				CLANG_WARN_SUSPICIOUS_MOVE = YES;
				CLANG_WARN_UNGUARDED_AVAILABILITY = YES_AGGRESSIVE;
				CLANG_WARN_UNREACHABLE_CODE = YES;
				CLANG_WARN__DUPLICATE_METHOD_MATCH = YES;
				COPY_PHASE_STRIP = NO;
				DEBUG_INFORMATION_FORMAT = dwarf;
				ENABLE_STRICT_OBJC_MSGSEND = YES;
				ENABLE_TESTABILITY = YES;
				GCC_C_LANGUAGE_STANDARD = gnu11;
				GCC_DYNAMIC_NO_PIC = NO;
				GCC_NO_COMMON_BLOCKS = YES;
				GCC_OPTIMIZATION_LEVEL = 0;
				GCC_PREPROCESSOR_DEFINITIONS = (
					"DEBUG=1",
					"$(inherited)",
				);
				GCC_WARN_64_TO_32_BIT_CONVERSION = YES;
				GCC_WARN_ABOUT_RETURN_TYPE = YES_ERROR;
				GCC_WARN_UNDECLARED_SELECTOR = YES;
				GCC_WARN_UNINITIALIZED_AUTOS = YES_AGGRESSIVE;
				GCC_WARN_UNUSED_FUNCTION = YES;
				GCC_WARN_UNUSED_VARIABLE = YES;
				IPHONEOS_DEPLOYMENT_TARGET = 16.1;
				MTL_ENABLE_DEBUG_INFO = INCLUDE_SOURCE;
				MTL_FAST_MATH = YES;
				ONLY_ACTIVE_ARCH = YES;
				SDKROOT = iphoneos;
				SWIFT_ACTIVE_COMPILATION_CONDITIONS = DEBUG;
				SWIFT_OPTIMIZATION_LEVEL = "-Onone";
			};
			name = Debug;
		};
		A5DCCF75292DE8AF00408940 /* Release */ = {
			isa = XCBuildConfiguration;
			buildSettings = {
				ALWAYS_SEARCH_USER_PATHS = NO;
				CLANG_ANALYZER_NONNULL = YES;
				CLANG_ANALYZER_NUMBER_OBJECT_CONVERSION = YES_AGGRESSIVE;
				CLANG_CXX_LANGUAGE_STANDARD = "gnu++20";
				CLANG_ENABLE_MODULES = YES;
				CLANG_ENABLE_OBJC_ARC = YES;
				CLANG_ENABLE_OBJC_WEAK = YES;
				CLANG_WARN_BLOCK_CAPTURE_AUTORELEASING = YES;
				CLANG_WARN_BOOL_CONVERSION = YES;
				CLANG_WARN_COMMA = YES;
				CLANG_WARN_CONSTANT_CONVERSION = YES;
				CLANG_WARN_DEPRECATED_OBJC_IMPLEMENTATIONS = YES;
				CLANG_WARN_DIRECT_OBJC_ISA_USAGE = YES_ERROR;
				CLANG_WARN_DOCUMENTATION_COMMENTS = YES;
				CLANG_WARN_EMPTY_BODY = YES;
				CLANG_WARN_ENUM_CONVERSION = YES;
				CLANG_WARN_INFINITE_RECURSION = YES;
				CLANG_WARN_INT_CONVERSION = YES;
				CLANG_WARN_NON_LITERAL_NULL_CONVERSION = YES;
				CLANG_WARN_OBJC_IMPLICIT_RETAIN_SELF = YES;
				CLANG_WARN_OBJC_LITERAL_CONVERSION = YES;
				CLANG_WARN_OBJC_ROOT_CLASS = YES_ERROR;
				CLANG_WARN_QUOTED_INCLUDE_IN_FRAMEWORK_HEADER = YES;
				CLANG_WARN_RANGE_LOOP_ANALYSIS = YES;
				CLANG_WARN_STRICT_PROTOTYPES = YES;
				CLANG_WARN_SUSPICIOUS_MOVE = YES;
				CLANG_WARN_UNGUARDED_AVAILABILITY = YES_AGGRESSIVE;
				CLANG_WARN_UNREACHABLE_CODE = YES;
				CLANG_WARN__DUPLICATE_METHOD_MATCH = YES;
				COPY_PHASE_STRIP = NO;
				DEBUG_INFORMATION_FORMAT = "dwarf-with-dsym";
				ENABLE_NS_ASSERTIONS = NO;
				ENABLE_STRICT_OBJC_MSGSEND = YES;
				GCC_C_LANGUAGE_STANDARD = gnu11;
				GCC_NO_COMMON_BLOCKS = YES;
				GCC_WARN_64_TO_32_BIT_CONVERSION = YES;
				GCC_WARN_ABOUT_RETURN_TYPE = YES_ERROR;
				GCC_WARN_UNDECLARED_SELECTOR = YES;
				GCC_WARN_UNINITIALIZED_AUTOS = YES_AGGRESSIVE;
				GCC_WARN_UNUSED_FUNCTION = YES;
				GCC_WARN_UNUSED_VARIABLE = YES;
				IPHONEOS_DEPLOYMENT_TARGET = 16.1;
				MTL_ENABLE_DEBUG_INFO = NO;
				MTL_FAST_MATH = YES;
				SDKROOT = iphoneos;
				SWIFT_COMPILATION_MODE = wholemodule;
				SWIFT_OPTIMIZATION_LEVEL = "-O";
				VALIDATE_PRODUCT = YES;
			};
			name = Release;
		};
		A5DCCF77292DE8AF00408940 /* Debug */ = {
			isa = XCBuildConfiguration;
			buildSettings = {
				ASSETCATALOG_COMPILER_APPICON_NAME = AppIcon;
				ASSETCATALOG_COMPILER_GLOBAL_ACCENT_COLOR_NAME = AccentColor;
				CODE_SIGN_STYLE = Automatic;
				CURRENT_PROJECT_VERSION = 1;
				DEVELOPMENT_ASSET_PATHS = "\"TestingTextField/Preview Content\"";
				DEVELOPMENT_TEAM = 6K96V6Z2MC;
				ENABLE_PREVIEWS = YES;
				GENERATE_INFOPLIST_FILE = YES;
				INFOPLIST_KEY_UIApplicationSceneManifest_Generation = YES;
				INFOPLIST_KEY_UIApplicationSupportsIndirectInputEvents = YES;
				INFOPLIST_KEY_UILaunchScreen_Generation = YES;
				INFOPLIST_KEY_UISupportedInterfaceOrientations_iPad = "UIInterfaceOrientationPortrait UIInterfaceOrientationPortraitUpsideDown UIInterfaceOrientationLandscapeLeft UIInterfaceOrientationLandscapeRight";
				INFOPLIST_KEY_UISupportedInterfaceOrientations_iPhone = "UIInterfaceOrientationPortrait UIInterfaceOrientationLandscapeLeft UIInterfaceOrientationLandscapeRight";
				IPHONEOS_DEPLOYMENT_TARGET = 14.0;
				LD_RUNPATH_SEARCH_PATHS = (
					"$(inherited)",
					"@executable_path/Frameworks",
				);
				MARKETING_VERSION = 1.0;
				PRODUCT_BUNDLE_IDENTIFIER = dev.azura.TestingTextField;
				PRODUCT_NAME = "$(TARGET_NAME)";
				SWIFT_EMIT_LOC_STRINGS = YES;
				SWIFT_VERSION = 5.0;
				TARGETED_DEVICE_FAMILY = "1,2";
			};
			name = Debug;
		};
		A5DCCF78292DE8AF00408940 /* Release */ = {
			isa = XCBuildConfiguration;
			buildSettings = {
				ASSETCATALOG_COMPILER_APPICON_NAME = AppIcon;
				ASSETCATALOG_COMPILER_GLOBAL_ACCENT_COLOR_NAME = AccentColor;
				CODE_SIGN_STYLE = Automatic;
				CURRENT_PROJECT_VERSION = 1;
				DEVELOPMENT_ASSET_PATHS = "\"TestingTextField/Preview Content\"";
				DEVELOPMENT_TEAM = 6K96V6Z2MC;
				ENABLE_PREVIEWS = YES;
				GENERATE_INFOPLIST_FILE = YES;
				INFOPLIST_KEY_UIApplicationSceneManifest_Generation = YES;
				INFOPLIST_KEY_UIApplicationSupportsIndirectInputEvents = YES;
				INFOPLIST_KEY_UILaunchScreen_Generation = YES;
				INFOPLIST_KEY_UISupportedInterfaceOrientations_iPad = "UIInterfaceOrientationPortrait UIInterfaceOrientationPortraitUpsideDown UIInterfaceOrientationLandscapeLeft UIInterfaceOrientationLandscapeRight";
				INFOPLIST_KEY_UISupportedInterfaceOrientations_iPhone = "UIInterfaceOrientationPortrait UIInterfaceOrientationLandscapeLeft UIInterfaceOrientationLandscapeRight";
				IPHONEOS_DEPLOYMENT_TARGET = 14.0;
				LD_RUNPATH_SEARCH_PATHS = (
					"$(inherited)",
					"@executable_path/Frameworks",
				);
				MARKETING_VERSION = 1.0;
				PRODUCT_BUNDLE_IDENTIFIER = dev.azura.TestingTextField;
				PRODUCT_NAME = "$(TARGET_NAME)";
				SWIFT_EMIT_LOC_STRINGS = YES;
				SWIFT_VERSION = 5.0;
				TARGETED_DEVICE_FAMILY = "1,2";
			};
			name = Release;
		};
/* End XCBuildConfiguration section */

/* Begin XCConfigurationList section */
		A5DCCF63292DE8AB00408940 /* Build configuration list for PBXProject "TestingTextField" */ = {
			isa = XCConfigurationList;
			buildConfigurations = (
				A5DCCF74292DE8AF00408940 /* Debug */,
				A5DCCF75292DE8AF00408940 /* Release */,
			);
			defaultConfigurationIsVisible = 0;
			defaultConfigurationName = Release;
		};
		A5DCCF76292DE8AF00408940 /* Build configuration list for PBXNativeTarget "TestingTextField" */ = {
			isa = XCConfigurationList;
			buildConfigurations = (
				A5DCCF77292DE8AF00408940 /* Debug */,
				A5DCCF78292DE8AF00408940 /* Release */,
			);
			defaultConfigurationIsVisible = 0;
			defaultConfigurationName = Release;
		};
/* End XCConfigurationList section */
	};
	rootObject = A5DCCF60292DE8AB00408940 /* Project object */;
}
